
Microsoft Visual Studio Solution File, Format Version 12.00
# Visual Studio 15
VisualStudioVersion = 15.0.26403.0
MinimumVisualStudioVersion = 10.0.40219.1
Project("{9A19103F-16F7-4668-BE54-9A1E7A4F7556}") = "Sindikat.Ankete.API", "Sindikat.Ankete.API\Sindikat.Ankete.API.csproj", "{24E86ABF-C23E-48FC-B3D9-7B515C64EA51}"
EndProject
Project("{9A19103F-16F7-4668-BE54-9A1E7A4F7556}") = "Sindikat.Ankete.Domain", "Sindikat.Ankete.Domain\Sindikat.Ankete.Domain.csproj", "{1853BA3D-4FF8-4CB4-984B-C4E8D8E22B25}"
EndProject
Project("{9A19103F-16F7-4668-BE54-9A1E7A4F7556}") = "Sindikat.Ankete.Persistence", "Sindikat.Ankete.Persistence\Sindikat.Ankete.Persistence.csproj", "{61CEDFA8-5A91-43E3-B971-79D25186D1C8}"
EndProject
Project("{9A19103F-16F7-4668-BE54-9A1E7A4F7556}") = "Sindikat.Ankete.Infrastructure", "Sindikat.Ankete.Infrastructure\Sindikat.Ankete.Infrastructure.csproj", "{0510CE6D-D0CE-44BB-A03C-D5ED2FF03430}"
EndProject
Global
	GlobalSection(SolutionConfigurationPlatforms) = preSolution
		Debug|Any CPU = Debug|Any CPU
		Release|Any CPU = Release|Any CPU
	EndGlobalSection
	GlobalSection(ProjectConfigurationPlatforms) = postSolution
		{24E86ABF-C23E-48FC-B3D9-7B515C64EA51}.Debug|Any CPU.ActiveCfg = Debug|Any CPU
		{24E86ABF-C23E-48FC-B3D9-7B515C64EA51}.Debug|Any CPU.Build.0 = Debug|Any CPU
		{24E86ABF-C23E-48FC-B3D9-7B515C64EA51}.Release|Any CPU.ActiveCfg = Release|Any CPU
		{24E86ABF-C23E-48FC-B3D9-7B515C64EA51}.Release|Any CPU.Build.0 = Release|Any CPU
		{1853BA3D-4FF8-4CB4-984B-C4E8D8E22B25}.Debug|Any CPU.ActiveCfg = Debug|Any CPU
		{1853BA3D-4FF8-4CB4-984B-C4E8D8E22B25}.Debug|Any CPU.Build.0 = Debug|Any CPU
		{1853BA3D-4FF8-4CB4-984B-C4E8D8E22B25}.Release|Any CPU.ActiveCfg = Release|Any CPU
		{1853BA3D-4FF8-4CB4-984B-C4E8D8E22B25}.Release|Any CPU.Build.0 = Release|Any CPU
		{61CEDFA8-5A91-43E3-B971-79D25186D1C8}.Debug|Any CPU.ActiveCfg = Debug|Any CPU
		{61CEDFA8-5A91-43E3-B971-79D25186D1C8}.Debug|Any CPU.Build.0 = Debug|Any CPU
		{61CEDFA8-5A91-43E3-B971-79D25186D1C8}.Release|Any CPU.ActiveCfg = Release|Any CPU
		{61CEDFA8-5A91-43E3-B971-79D25186D1C8}.Release|Any CPU.Build.0 = Release|Any CPU
		{0510CE6D-D0CE-44BB-A03C-D5ED2FF03430}.Debug|Any CPU.ActiveCfg = Debug|Any CPU
		{0510CE6D-D0CE-44BB-A03C-D5ED2FF03430}.Debug|Any CPU.Build.0 = Debug|Any CPU
		{0510CE6D-D0CE-44BB-A03C-D5ED2FF03430}.Release|Any CPU.ActiveCfg = Release|Any CPU
		{0510CE6D-D0CE-44BB-A03C-D5ED2FF03430}.Release|Any CPU.Build.0 = Release|Any CPU
	EndGlobalSection
	GlobalSection(SolutionProperties) = preSolution
		HideSolutionNode = FALSE
	EndGlobalSection
	GlobalSection(ExtensibilityGlobals) = postSolution
		SolutionGuid = {115A2A70-3A97-4326-88B5-150433022406}
	EndGlobalSection
EndGlobal
